{
  "lockfileVersion": 2,
  "configVersion": 1,
  "workspaces": {
    "": {
      "name": "ghostkeys",
      "devDependencies": {
        "typescript": "6.0.3",
      },
    },
    "packages/engine": {
      "name": "@ghostkeys/engine",
    },
  },
  "packages": {
    "@ghostkeys/engine": ["@ghostkeys/engine@workspace:packages/engine"],

    "typescript": ["typescript@6.0.3", "", { "bin": { "tsc": "bin/tsc", "tsserver": "bin/tsserver" } }, "sha512-y2TvuxSZPDyQakkFRPZHKFm+KKVqIisdg9/CZwm9ftvKXLP8NRWj38/ODjNbr43SsoXqNuAisEf1GdCxqWcdBw=="],
  }
}
